
Microsoft Visual Studio Solution File, Format Version 12.00
# Visual Studio 15
VisualStudioVersion = 15.0.27428.2027
MinimumVisualStudioVersion = 10.0.40219.1
Project("{9A19103F-16F7-4668-BE54-9A1E7A4F7556}") = "AddDllToCsproj", "AddDllToCsproj\AddDllToCsproj.csproj", "{A100CE97-490D-45C3-93EF-14411E4A2A59}"
EndProject
Global
	GlobalSection(SolutionConfigurationPlatforms) = preSolution
		Debug|Any CPU = Debug|Any CPU
		Release|Any CPU = Release|Any CPU
	EndGlobalSection
	GlobalSection(ProjectConfigurationPlatforms) = postSolution
		{A100CE97-490D-45C3-93EF-14411E4A2A59}.Debug|Any CPU.ActiveCfg = Debug|Any CPU
		{A100CE97-490D-45C3-93EF-14411E4A2A59}.Debug|Any CPU.Build.0 = Debug|Any CPU
		{A100CE97-490D-45C3-93EF-14411E4A2A59}.Release|Any CPU.ActiveCfg = Release|Any CPU
		{A100CE97-490D-45C3-93EF-14411E4A2A59}.Release|Any CPU.Build.0 = Release|Any CPU
	EndGlobalSection
	GlobalSection(SolutionProperties) = preSolution
		HideSolutionNode = FALSE
	EndGlobalSection
	GlobalSection(ExtensibilityGlobals) = postSolution
		SolutionGuid = {053A8B40-7FB4-4875-BDF7-F8CD543DBF7A}
	EndGlobalSection
EndGlobal
